{
  "version": "5",
  "specifiers": {
    "jsr:@panth977/tools@^2.2.1": "2.2.1",
    "npm:zod@^3.25.76": "3.25.76"
  },
  "jsr": {
    "@panth977/tools@2.2.1": {
      "integrity": "6686b51da4f18344ba0fa09a7ed4979acf2b221ef775c516b02244ec08bf210d",
      "dependencies": [
        "npm:zod"
      ]
    }
  },
  "npm": {
    "zod@3.25.76": {
      "integrity": "sha512-gzUt/qt81nXsFGKIFcC3YnfEAx5NkunCfnDlvuBSSFS02bcXu4Lmea0AFIUwbLWxWPx3d9p8S5QoaujKcNQxcQ=="
    }
  },
  "workspace": {
    "dependencies": [
      "jsr:@panth977/tools@^2.2.1",
      "npm:zod@^3.25.76"
    ]
  }
}
