{
  "version": "4",
  "specifiers": {
    "npm:crypto@^1.0.1": "1.0.1",
    "npm:zod@^3.23.0": "3.23.8"
  },
  "npm": {
    "crypto@1.0.1": {
      "integrity": "sha512-VxBKmeNcqQdiUQUW2Tzq0t377b54N2bMtXO/qiLa+6eRRmmC4qT3D4OnTGoT/U6O9aklQ/jTwbOtRMTTY8G0Ig=="
    },
    "zod@3.23.8": {
      "integrity": "sha512-XBx9AXhXktjUqnepgTiE5flcKIYWi/rme0Eaj+5Y0lftuGBq+jyRu/md4WnuxqgP1ubdpNCsYEYPxrzVHD8d6g=="
    }
  },
  "workspace": {
    "dependencies": [
      "npm:crypto@^1.0.1",
      "npm:zod@^3.23.0"
    ]
  }
}
